
Microsoft Visual Studio Solution File, Format Version 11.00
# Visual Studio 2010
Project("{FAE04EC0-301F-11D3-BF4B-00C04F79EFBC}") = "DataObjectSorter", "DataObjectSorter\DataObjectSorter.csproj", "{2EF6AA4B-DFBD-4917-8148-3CEAF6E985F7}"
EndProject
Global
	GlobalSection(SolutionConfigurationPlatforms) = preSolution
		Debug|Any CPU = Debug|Any CPU
		Release|Any CPU = Release|Any CPU
	EndGlobalSection
	GlobalSection(ProjectConfigurationPlatforms) = postSolution
		{2EF6AA4B-DFBD-4917-8148-3CEAF6E985F7}.Debug|Any CPU.ActiveCfg = Debug|Any CPU
		{2EF6AA4B-DFBD-4917-8148-3CEAF6E985F7}.Debug|Any CPU.Build.0 = Debug|Any CPU
		{2EF6AA4B-DFBD-4917-8148-3CEAF6E985F7}.Release|Any CPU.ActiveCfg = Release|Any CPU
		{2EF6AA4B-DFBD-4917-8148-3CEAF6E985F7}.Release|Any CPU.Build.0 = Release|Any CPU
	EndGlobalSection
	GlobalSection(SolutionProperties) = preSolution
		HideSolutionNode = FALSE
	EndGlobalSection
EndGlobal
